PODS:
  - HBDNavigationBar (1.7.2)
  - Masonry (1.1.0)
  - NUBlocksKit (1.0):
    - NUBlocksKit/All (= 1.0)
  - NUBlocksKit/All (1.0):
    - NUBlocksKit/Core
    - NUBlocksKit/DynamicDelegate
    - NUBlocksKit/MessageUI
    - NUBlocksKit/QuickLook
    - NUBlocksKit/UIKit
  - NUBlocksKit/Core (1.0)
  - NUBlocksKit/DynamicDelegate (1.0)
  - NUBlocksKit/MessageUI (1.0):
    - NUBlocksKit/Core
    - NUBlocksKit/DynamicDelegate
  - NUBlocksKit/QuickLook (1.0):
    - NUBlocksKit/Core
    - NUBlocksKit/DynamicDelegate
  - NUBlocksKit/UIKit (1.0):
    - NUBlocksKit/Core
    - NUBlocksKit/DynamicDelegate
  - NUKit (0.1.7):
    - NUKit/Category (= 0.1.7)
    - NUKit/Core (= 0.1.7)
    - NUKit/VCCategory (= 0.1.7)
    - NUKit/ViewModel (= 0.1.7)
  - NUKit/Category (0.1.7):
    - NUKit/Core
  - NUKit/Core (0.1.7):
    - HBDNavigationBar
    - Masonry
    - NUBlocksKit
  - NUKit/VCCategory (0.1.7):
    - NUKit/Category
    - NUKit/Core
    - Reachability
    - TZImagePickerController
  - NUKit/ViewModel (0.1.7)
  - Reachability (3.2)
  - TZImagePickerController (3.3.0)

DEPENDENCIES:
  - NUKit (from `../`)

SPEC REPOS:
  "git@git.iliunian.cn:apple/NLSpecs.git":
    - NUBlocksKit
  trunk:
    - HBDNavigationBar
    - Masonry
    - Reachability
    - TZImagePickerController

EXTERNAL SOURCES:
  NUKit:
    :path: "../"

SPEC CHECKSUMS:
  HBDNavigationBar: b64331d6b3042c56e2c0b7fea1fd8e620a1b2872
  Masonry: 678fab65091a9290e40e2832a55e7ab731aad201
  NUBlocksKit: 416de7ed10f2a177fcad0cd14c69c77a442a44a2
  NUKit: 9826ed73b5617a855e1ce9933e66a7be221f542b
  Reachability: 33e18b67625424e47b6cde6d202dce689ad7af96
  TZImagePickerController: 57e97774b6d3970abf38619645c7cc1caf257c41

PODFILE CHECKSUM: 21963723ac9c41b944ebf9340726ef8b833f1dc9

COCOAPODS: 1.8.4
