PODS:
  - HBDNavigationBar (1.7.2)
  - Masonry (1.1.0)
  - NUBlocksKit (1.0):
    - NUBlocksKit/All (= 1.0)
  - NUBlocksKit/All (1.0):
    - NUBlocksKit/Core
    - NUBlocksKit/DynamicDelegate
    - NUBlocksKit/MessageUI
    - NUBlocksKit/QuickLook
    - NUBlocksKit/UIKit
  - NUBlocksKit/Core (1.0)
  - NUBlocksKit/DynamicDelegate (1.0)
  - NUBlocksKit/MessageUI (1.0):
    - NUBlocksKit/Core
    - NUBlocksKit/DynamicDelegate
  - NUBlocksKit/QuickLook (1.0):
    - NUBlocksKit/Core
    - NUBlocksKit/DynamicDelegate
  - NUBlocksKit/UIKit (1.0):
    - NUBlocksKit/Core
    - NUBlocksKit/DynamicDelegate
  - NUKit (0.1.9):
    - NUKit/Category (= 0.1.9)
    - NUKit/Core (= 0.1.9)
    - NUKit/VCCategory (= 0.1.9)
    - NUKit/ViewModel (= 0.1.9)
  - NUKit/Category (0.1.9):
    - NUKit/Core
  - NUKit/Core (0.1.9):
    - HBDNavigationBar
    - Masonry
    - NUBlocksKit
  - NUKit/VCCategory (0.1.9):
    - NUKit/Category
    - NUKit/Core
    - Reachability
    - TZImagePickerController
  - NUKit/ViewModel (0.1.9)
  - Reachability (3.2)
  - TZImagePickerController (3.3.0)

DEPENDENCIES:
  - NUKit (from `../`)

SPEC REPOS:
  https://github.com/CocoaPods/Specs.git:
    - HBDNavigationBar
    - Masonry
    - Reachability
    - TZImagePickerController
  https://github.com/liunina/NLSpecs.git:
    - NUBlocksKit

EXTERNAL SOURCES:
  NUKit:
    :path: "../"

SPEC CHECKSUMS:
  HBDNavigationBar: b64331d6b3042c56e2c0b7fea1fd8e620a1b2872
  Masonry: 678fab65091a9290e40e2832a55e7ab731aad201
  NUBlocksKit: 416de7ed10f2a177fcad0cd14c69c77a442a44a2
  NUKit: 9c5ce72651411211fc071b211f02b2189b592793
  Reachability: 33e18b67625424e47b6cde6d202dce689ad7af96
  TZImagePickerController: 57e97774b6d3970abf38619645c7cc1caf257c41

PODFILE CHECKSUM: 658dade78526d7fbf2dc8add4fb073fedee142cd

COCOAPODS: 1.9.3
